// !$*UTF8*$!
{
	archiveVersion = 1;
	classes = {
	};
	objectVersion = 77;
	objects = {

/* Begin PBXBuildFile section */
		BF0000010000000000000001 /* FirebaseAuth in Frameworks */ = {isa = PBXBuildFile; productRef = DD0000010000000000000001 /* FirebaseAuth */; };
		BF0000020000000000000002 /* FirebaseFirestore in Frameworks */ = {isa = PBXBuildFile; productRef = DD0000020000000000000002 /* FirebaseFirestore */; };
		BF0000030000000000000003 /* FirebaseStorage in Frameworks */ = {isa = PBXBuildFile; productRef = DD0000030000000000000003 /* FirebaseStorage */; };
		DC2D658F2F23A91700804C29 /* BackgroundUploadExtension.appex in Embed ExtensionKit Extensions */ = {isa = PBXBuildFile; fileRef = DC2D65882F23A91700804C29 /* BackgroundUploadExtension.appex */; settings = {ATTRIBUTES = (RemoveHeadersOnCopy, ); }; };
		DCB003E32EE80CAC003D6BF9 /* FirebaseAuth in Frameworks */ = {isa = PBXBuildFile; productRef = DCB003E22EE80CAC003D6BF9 /* FirebaseAuth */; };
		DCB003E52EE80CAC003D6BF9 /* FirebaseFirestore in Frameworks */ = {isa = PBXBuildFile; productRef = DCB003E42EE80CAC003D6BF9 /* FirebaseFirestore */; };
		DCB003E72EE80CAC003D6BF9 /* FirebaseStorage in Frameworks */ = {isa = PBXBuildFile; productRef = DCB003E62EE80CAC003D6BF9 /* FirebaseStorage */; };
		DCB003F22EE813B0003D6BF9 /* GoogleSignIn in Frameworks */ = {isa = PBXBuildFile; productRef = DCB003F12EE813B0003D6BF9 /* GoogleSignIn */; };
		DCB003F42EE813B0003D6BF9 /* GoogleSignInSwift in Frameworks */ = {isa = PBXBuildFile; productRef = DCB003F32EE813B0003D6BF9 /* GoogleSignInSwift */; };
		DCDAD2692EFEDEEB0011838E /* StoreKit.framework in Frameworks */ = {isa = PBXBuildFile; fileRef = DCDAD2682EFEDEEB0011838E /* StoreKit.framework */; };
/* End PBXBuildFile section */

/* Begin PBXContainerItemProxy section */
		DC2D658D2F23A91700804C29 /* PBXContainerItemProxy */ = {
			isa = PBXContainerItemProxy;
			containerPortal = DC9E79722EDB81DD00C57FEE /* Project object */;
			proxyType = 1;
			remoteGlobalIDString = DC2D65872F23A91700804C29;
			remoteInfo = BackgroundUploadExtension;
		};
/* End PBXContainerItemProxy section */

/* Begin PBXCopyFilesBuildPhase section */
		DC2D65902F23A91700804C29 /* Embed ExtensionKit Extensions */ = {
			isa = PBXCopyFilesBuildPhase;
			buildActionMask = 2147483647;
			dstPath = "$(EXTENSIONS_FOLDER_PATH)";
			dstSubfolderSpec = 16;
			files = (
				DC2D658F2F23A91700804C29 /* BackgroundUploadExtension.appex in Embed ExtensionKit Extensions */,
			);
			name = "Embed ExtensionKit Extensions";
			runOnlyForDeploymentPostprocessing = 0;
		};
/* End PBXCopyFilesBuildPhase section */

/* Begin PBXFileReference section */
		DC2D65882F23A91700804C29 /* BackgroundUploadExtension.appex */ = {isa = PBXFileReference; explicitFileType = "wrapper.extensionkit-extension"; includeInIndex = 0; path = BackgroundUploadExtension.appex; sourceTree = BUILT_PRODUCTS_DIR; };
		DC9E797A2EDB81DD00C57FEE /* Trackerio.app */ = {isa = PBXFileReference; explicitFileType = wrapper.application; includeInIndex = 0; path = Trackerio.app; sourceTree = BUILT_PRODUCTS_DIR; };
		DCDAD2682EFEDEEB0011838E /* StoreKit.framework */ = {isa = PBXFileReference; lastKnownFileType = wrapper.framework; name = StoreKit.framework; path = System/Library/Frameworks/StoreKit.framework; sourceTree = SDKROOT; };
/* End PBXFileReference section */

/* Begin PBXFileSystemSynchronizedRootGroup section */
		DC2D65892F23A91700804C29 /* BackgroundUploadExtension */ = {
			isa = PBXFileSystemSynchronizedRootGroup;
			path = BackgroundUploadExtension;
			sourceTree = "<group>";
		};
		DC9E797C2EDB81DD00C57FEE /* Pump Fitness */ = {
			isa = PBXFileSystemSynchronizedRootGroup;
			path = "Pump Fitness";
			sourceTree = "<group>";
		};
/* End PBXFileSystemSynchronizedRootGroup section */

/* Begin PBXFrameworksBuildPhase section */
		DC2D65852F23A91700804C29 /* Frameworks */ = {
			isa = PBXFrameworksBuildPhase;
			buildActionMask = 2147483647;
			files = (
				BF0000010000000000000001 /* FirebaseAuth in Frameworks */,
				BF0000020000000000000002 /* FirebaseFirestore in Frameworks */,
				BF0000030000000000000003 /* FirebaseStorage in Frameworks */,
			);
			runOnlyForDeploymentPostprocessing = 0;
		};
		DC9E79772EDB81DD00C57FEE /* Frameworks */ = {
			isa = PBXFrameworksBuildPhase;
			buildActionMask = 2147483647;
			files = (
				DCB003F42EE813B0003D6BF9 /* GoogleSignInSwift in Frameworks */,
				DCB003E32EE80CAC003D6BF9 /* FirebaseAuth in Frameworks */,
				DCB003F22EE813B0003D6BF9 /* GoogleSignIn in Frameworks */,
				DCDAD2692EFEDEEB0011838E /* StoreKit.framework in Frameworks */,
				DCB003E52EE80CAC003D6BF9 /* FirebaseFirestore in Frameworks */,
				DCB003E72EE80CAC003D6BF9 /* FirebaseStorage in Frameworks */,
			);
			runOnlyForDeploymentPostprocessing = 0;
		};
/* End PBXFrameworksBuildPhase section */

/* Begin PBXGroup section */
		DC9E79712EDB81DD00C57FEE = {
			isa = PBXGroup;
			children = (
				DC9E797C2EDB81DD00C57FEE /* Pump Fitness */,
				DC2D65892F23A91700804C29 /* BackgroundUploadExtension */,
				DCDAD2672EFEDEEB0011838E /* Frameworks */,
				DC9E797B2EDB81DD00C57FEE /* Products */,
			);
			sourceTree = "<group>";
		};
		DC9E797B2EDB81DD00C57FEE /* Products */ = {
			isa = PBXGroup;
			children = (
				DC9E797A2EDB81DD00C57FEE /* Trackerio.app */,
				DC2D65882F23A91700804C29 /* BackgroundUploadExtension.appex */,
			);
			name = Products;
			sourceTree = "<group>";
		};
		DCDAD2672EFEDEEB0011838E /* Frameworks */ = {
			isa = PBXGroup;
			children = (
				DCDAD2682EFEDEEB0011838E /* StoreKit.framework */,
			);
			name = Frameworks;
			sourceTree = "<group>";
		};
/* End PBXGroup section */

/* Begin PBXNativeTarget section */
		DC2D65872F23A91700804C29 /* BackgroundUploadExtension */ = {
			isa = PBXNativeTarget;
			buildConfigurationList = DC2D65942F23A91700804C29 /* Build configuration list for PBXNativeTarget "BackgroundUploadExtension" */;
			buildPhases = (
				DC2D65842F23A91700804C29 /* Sources */,
				DC2D65852F23A91700804C29 /* Frameworks */,
				DC2D65862F23A91700804C29 /* Resources */,
			);
			buildRules = (
			);
			dependencies = (
			);
			fileSystemSynchronizedGroups = (
				DC2D65892F23A91700804C29 /* BackgroundUploadExtension */,
			);
			name = BackgroundUploadExtension;
			packageProductDependencies = (
				DD0000010000000000000001 /* FirebaseAuth */,
				DD0000020000000000000002 /* FirebaseFirestore */,
				DD0000030000000000000003 /* FirebaseStorage */,
			);
			productName = BackgroundUploadExtension;
			productReference = DC2D65882F23A91700804C29 /* BackgroundUploadExtension.appex */;
			productType = "com.apple.product-type.extensionkit-extension";
		};
		DC9E79792EDB81DD00C57FEE /* Trackerio */ = {
			isa = PBXNativeTarget;
			buildConfigurationList = DC9E79852EDB81DF00C57FEE /* Build configuration list for PBXNativeTarget "Trackerio" */;
			buildPhases = (
				DC9E79762EDB81DD00C57FEE /* Sources */,
				DC9E79772EDB81DD00C57FEE /* Frameworks */,
				DC9E79782EDB81DD00C57FEE /* Resources */,
				DC2D65902F23A91700804C29 /* Embed ExtensionKit Extensions */,
			);
			buildRules = (
			);
			dependencies = (
				DC2D658E2F23A91700804C29 /* PBXTargetDependency */,
			);
			fileSystemSynchronizedGroups = (
				DC9E797C2EDB81DD00C57FEE /* Pump Fitness */,
			);
			name = Trackerio;
			packageProductDependencies = (
				DCB003E22EE80CAC003D6BF9 /* FirebaseAuth */,
				DCB003E42EE80CAC003D6BF9 /* FirebaseFirestore */,
				DCB003E62EE80CAC003D6BF9 /* FirebaseStorage */,
				DCB003F12EE813B0003D6BF9 /* GoogleSignIn */,
				DCB003F32EE813B0003D6BF9 /* GoogleSignInSwift */,
			);
			productName = Trackerio;
			productReference = DC9E797A2EDB81DD00C57FEE /* Trackerio.app */;
			productType = "com.apple.product-type.application";
		};
/* End PBXNativeTarget section */

/* Begin PBXProject section */
		DC9E79722EDB81DD00C57FEE /* Project object */ = {
			isa = PBXProject;
			attributes = {
				BuildIndependentTargetsInParallel = 1;
				LastSwiftUpdateCheck = 2620;
				LastUpgradeCheck = 2620;
				TargetAttributes = {
					DC2D65872F23A91700804C29 = {
						CreatedOnToolsVersion = 26.2;
					};
					DC9E79792EDB81DD00C57FEE = {
						CreatedOnToolsVersion = 26.1.1;
					};
				};
			};
			buildConfigurationList = DC9E79752EDB81DD00C57FEE /* Build configuration list for PBXProject "Pump Fitness" */;
			developmentRegion = en;
			hasScannedForEncodings = 0;
			knownRegions = (
				en,
				Base,
			);
			mainGroup = DC9E79712EDB81DD00C57FEE;
			minimizedProjectReferenceProxies = 1;
			packageReferences = (
				DCB003E12EE80CAC003D6BF9 /* XCRemoteSwiftPackageReference "firebase-ios-sdk" */,
				DCB003F02EE813B0003D6BF9 /* XCRemoteSwiftPackageReference "GoogleSignIn-iOS" */,
			);
			preferredProjectObjectVersion = 77;
			productRefGroup = DC9E797B2EDB81DD00C57FEE /* Products */;
			projectDirPath = "";
			projectRoot = "";
			targets = (
				DC9E79792EDB81DD00C57FEE /* Trackerio */,
				DC2D65872F23A91700804C29 /* BackgroundUploadExtension */,
			);
		};
/* End PBXProject section */

/* Begin PBXResourcesBuildPhase section */
		DC2D65862F23A91700804C29 /* Resources */ = {
			isa = PBXResourcesBuildPhase;
			buildActionMask = 2147483647;
			files = (
			);
			runOnlyForDeploymentPostprocessing = 0;
		};
		DC9E79782EDB81DD00C57FEE /* Resources */ = {
			isa = PBXResourcesBuildPhase;
			buildActionMask = 2147483647;
			files = (
			);
			runOnlyForDeploymentPostprocessing = 0;
		};
/* End PBXResourcesBuildPhase section */

/* Begin PBXSourcesBuildPhase section */
		DC2D65842F23A91700804C29 /* Sources */ = {
			isa = PBXSourcesBuildPhase;
			buildActionMask = 2147483647;
			files = (
			);
			runOnlyForDeploymentPostprocessing = 0;
		};
		DC9E79762EDB81DD00C57FEE /* Sources */ = {
			isa = PBXSourcesBuildPhase;
			buildActionMask = 2147483647;
			files = (
			);
			runOnlyForDeploymentPostprocessing = 0;
		};
/* End PBXSourcesBuildPhase section */

/* Begin PBXTargetDependency section */
		DC2D658E2F23A91700804C29 /* PBXTargetDependency */ = {
			isa = PBXTargetDependency;
			target = DC2D65872F23A91700804C29 /* BackgroundUploadExtension */;
			targetProxy = DC2D658D2F23A91700804C29 /* PBXContainerItemProxy */;
		};
/* End PBXTargetDependency section */

/* Begin XCBuildConfiguration section */
		DC2D65912F23A91700804C29 /* Debug */ = {
			isa = XCBuildConfiguration;
			buildSettings = {
				CODE_SIGN_IDENTITY = "Apple Development";
				CODE_SIGN_STYLE = Automatic;
				CURRENT_PROJECT_VERSION = 2;
				DEVELOPMENT_TEAM = 3LGLXWA468;
				GENERATE_INFOPLIST_FILE = YES;
				INFOPLIST_FILE = "BackgroundUploadExtension-Info.plist";
				INFOPLIST_KEY_CFBundleDisplayName = BackgroundUploadExtension;
				INFOPLIST_KEY_NSHumanReadableCopyright = "";
				IPHONEOS_DEPLOYMENT_TARGET = 26.2;
				LD_RUNPATH_SEARCH_PATHS = (
					"$(inherited)",
					"@executable_path/Frameworks",
					"@executable_path/../../Frameworks",
				);
				MARKETING_VERSION = 1.2.1;
				PRODUCT_BUNDLE_IDENTIFIER = dev.kylegraham.trackerio.BackgroundUploadExtension;
				PRODUCT_NAME = "$(TARGET_NAME)";
				SKIP_INSTALL = YES;
				STRING_CATALOG_GENERATE_SYMBOLS = YES;
				SUPPORTED_PLATFORMS = "iphoneos iphonesimulator";
				SUPPORTS_MACCATALYST = NO;
				SUPPORTS_MAC_DESIGNED_FOR_IPHONE_IPAD = NO;
				SUPPORTS_XR_DESIGNED_FOR_IPHONE_IPAD = NO;
				SWIFT_APPROACHABLE_CONCURRENCY = YES;
				SWIFT_EMIT_LOC_STRINGS = YES;
				SWIFT_UPCOMING_FEATURE_MEMBER_IMPORT_VISIBILITY = YES;
				SWIFT_VERSION = 5.0;
				TARGETED_DEVICE_FAMILY = 1;
			};
			name = Debug;
		};
		DC2D65922F23A91700804C29 /* Release */ = {
			isa = XCBuildConfiguration;
			buildSettings = {
				CODE_SIGN_IDENTITY = "Apple Development";
				CODE_SIGN_STYLE = Automatic;
				CURRENT_PROJECT_VERSION = 2;
				DEVELOPMENT_TEAM = 3LGLXWA468;
				GENERATE_INFOPLIST_FILE = YES;
				INFOPLIST_FILE = "BackgroundUploadExtension-Info.plist";
				INFOPLIST_KEY_CFBundleDisplayName = BackgroundUploadExtension;
				INFOPLIST_KEY_NSHumanReadableCopyright = "";
				IPHONEOS_DEPLOYMENT_TARGET = 26.2;
				LD_RUNPATH_SEARCH_PATHS = (
					"$(inherited)",
					"@executable_path/Frameworks",
					"@executable_path/../../Frameworks",
				);
				MARKETING_VERSION = 1.2.1;
				PRODUCT_BUNDLE_IDENTIFIER = dev.kylegraham.trackerio.BackgroundUploadExtension;
				PRODUCT_NAME = "$(TARGET_NAME)";
				SKIP_INSTALL = YES;
				STRING_CATALOG_GENERATE_SYMBOLS = YES;
				SUPPORTED_PLATFORMS = "iphoneos iphonesimulator";
				SUPPORTS_MACCATALYST = NO;
				SUPPORTS_MAC_DESIGNED_FOR_IPHONE_IPAD = NO;
				SUPPORTS_XR_DESIGNED_FOR_IPHONE_IPAD = NO;
				SWIFT_APPROACHABLE_CONCURRENCY = YES;
				SWIFT_EMIT_LOC_STRINGS = YES;
				SWIFT_UPCOMING_FEATURE_MEMBER_IMPORT_VISIBILITY = YES;
				SWIFT_VERSION = 5.0;
				TARGETED_DEVICE_FAMILY = 1;
			};
			name = Release;
		};
		DC9E79832EDB81DF00C57FEE /* Debug */ = {
			isa = XCBuildConfiguration;
			buildSettings = {
				ALWAYS_SEARCH_USER_PATHS = NO;
				ASSETCATALOG_COMPILER_GENERATE_SWIFT_ASSET_SYMBOL_EXTENSIONS = YES;
				CLANG_ANALYZER_NONNULL = YES;
				CLANG_ANALYZER_NUMBER_OBJECT_CONVERSION = YES_AGGRESSIVE;
				CLANG_CXX_LANGUAGE_STANDARD = "gnu++20";
				CLANG_ENABLE_MODULES = YES;
				CLANG_ENABLE_OBJC_ARC = YES;
				CLANG_ENABLE_OBJC_WEAK = YES;
				CLANG_WARN_BLOCK_CAPTURE_AUTORELEASING = YES;
				CLANG_WARN_BOOL_CONVERSION = YES;
				CLANG_WARN_COMMA = YES;
				CLANG_WARN_CONSTANT_CONVERSION = YES;
				CLANG_WARN_DEPRECATED_OBJC_IMPLEMENTATIONS = YES;
				CLANG_WARN_DIRECT_OBJC_ISA_USAGE = YES_ERROR;
				CLANG_WARN_DOCUMENTATION_COMMENTS = YES;
				CLANG_WARN_EMPTY_BODY = YES;
				CLANG_WARN_ENUM_CONVERSION = YES;
				CLANG_WARN_INFINITE_RECURSION = YES;
				CLANG_WARN_INT_CONVERSION = YES;
				CLANG_WARN_NON_LITERAL_NULL_CONVERSION = YES;
				CLANG_WARN_OBJC_IMPLICIT_RETAIN_SELF = YES;
				CLANG_WARN_OBJC_LITERAL_CONVERSION = YES;
				CLANG_WARN_OBJC_ROOT_CLASS = YES_ERROR;
				CLANG_WARN_QUOTED_INCLUDE_IN_FRAMEWORK_HEADER = YES;
				CLANG_WARN_RANGE_LOOP_ANALYSIS = YES;
				CLANG_WARN_STRICT_PROTOTYPES = YES;
				CLANG_WARN_SUSPICIOUS_MOVE = YES;
				CLANG_WARN_UNGUARDED_AVAILABILITY = YES_AGGRESSIVE;
				CLANG_WARN_UNREACHABLE_CODE = YES;
				CLANG_WARN__DUPLICATE_METHOD_MATCH = YES;
				COPY_PHASE_STRIP = NO;
				DEBUG_INFORMATION_FORMAT = dwarf;
				DEVELOPMENT_TEAM = 3LGLXWA468;
				ENABLE_STRICT_OBJC_MSGSEND = YES;
				ENABLE_TESTABILITY = YES;
				ENABLE_USER_SCRIPT_SANDBOXING = YES;
				GCC_C_LANGUAGE_STANDARD = gnu17;
				GCC_DYNAMIC_NO_PIC = NO;
				GCC_NO_COMMON_BLOCKS = YES;
				GCC_OPTIMIZATION_LEVEL = 0;
				GCC_PREPROCESSOR_DEFINITIONS = (
					"DEBUG=1",
					"$(inherited)",
				);
				GCC_WARN_64_TO_32_BIT_CONVERSION = YES;
				GCC_WARN_ABOUT_RETURN_TYPE = YES_ERROR;
				GCC_WARN_UNDECLARED_SELECTOR = YES;
				GCC_WARN_UNINITIALIZED_AUTOS = YES_AGGRESSIVE;
				GCC_WARN_UNUSED_FUNCTION = YES;
				GCC_WARN_UNUSED_VARIABLE = YES;
				IPHONEOS_DEPLOYMENT_TARGET = 26.1;
				LOCALIZATION_PREFERS_STRING_CATALOGS = YES;
				MTL_ENABLE_DEBUG_INFO = INCLUDE_SOURCE;
				MTL_FAST_MATH = YES;
				ONLY_ACTIVE_ARCH = YES;
				SDKROOT = iphoneos;
				STRING_CATALOG_GENERATE_SYMBOLS = YES;
				SWIFT_ACTIVE_COMPILATION_CONDITIONS = "DEBUG $(inherited)";
				SWIFT_OPTIMIZATION_LEVEL = "-Onone";
			};
			name = Debug;
		};
		DC9E79842EDB81DF00C57FEE /* Release */ = {
			isa = XCBuildConfiguration;
			buildSettings = {
				ALWAYS_SEARCH_USER_PATHS = NO;
				ASSETCATALOG_COMPILER_GENERATE_SWIFT_ASSET_SYMBOL_EXTENSIONS = YES;
				CLANG_ANALYZER_NONNULL = YES;
				CLANG_ANALYZER_NUMBER_OBJECT_CONVERSION = YES_AGGRESSIVE;
				CLANG_CXX_LANGUAGE_STANDARD = "gnu++20";
				CLANG_ENABLE_MODULES = YES;
				CLANG_ENABLE_OBJC_ARC = YES;
				CLANG_ENABLE_OBJC_WEAK = YES;
				CLANG_WARN_BLOCK_CAPTURE_AUTORELEASING = YES;
				CLANG_WARN_BOOL_CONVERSION = YES;
				CLANG_WARN_COMMA = YES;
				CLANG_WARN_CONSTANT_CONVERSION = YES;
				CLANG_WARN_DEPRECATED_OBJC_IMPLEMENTATIONS = YES;
				CLANG_WARN_DIRECT_OBJC_ISA_USAGE = YES_ERROR;
				CLANG_WARN_DOCUMENTATION_COMMENTS = YES;
				CLANG_WARN_EMPTY_BODY = YES;
				CLANG_WARN_ENUM_CONVERSION = YES;
				CLANG_WARN_INFINITE_RECURSION = YES;
				CLANG_WARN_INT_CONVERSION = YES;
				CLANG_WARN_NON_LITERAL_NULL_CONVERSION = YES;
				CLANG_WARN_OBJC_IMPLICIT_RETAIN_SELF = YES;
				CLANG_WARN_OBJC_LITERAL_CONVERSION = YES;
				CLANG_WARN_OBJC_ROOT_CLASS = YES_ERROR;
				CLANG_WARN_QUOTED_INCLUDE_IN_FRAMEWORK_HEADER = YES;
				CLANG_WARN_RANGE_LOOP_ANALYSIS = YES;
				CLANG_WARN_STRICT_PROTOTYPES = YES;
				CLANG_WARN_SUSPICIOUS_MOVE = YES;
				CLANG_WARN_UNGUARDED_AVAILABILITY = YES_AGGRESSIVE;
				CLANG_WARN_UNREACHABLE_CODE = YES;
				CLANG_WARN__DUPLICATE_METHOD_MATCH = YES;
				COPY_PHASE_STRIP = NO;
				DEBUG_INFORMATION_FORMAT = "dwarf-with-dsym";
				DEVELOPMENT_TEAM = 3LGLXWA468;
				ENABLE_NS_ASSERTIONS = NO;
				ENABLE_STRICT_OBJC_MSGSEND = YES;
				ENABLE_USER_SCRIPT_SANDBOXING = YES;
				GCC_C_LANGUAGE_STANDARD = gnu17;
				GCC_NO_COMMON_BLOCKS = YES;
				GCC_WARN_64_TO_32_BIT_CONVERSION = YES;
				GCC_WARN_ABOUT_RETURN_TYPE = YES_ERROR;
				GCC_WARN_UNDECLARED_SELECTOR = YES;
				GCC_WARN_UNINITIALIZED_AUTOS = YES_AGGRESSIVE;
				GCC_WARN_UNUSED_FUNCTION = YES;
				GCC_WARN_UNUSED_VARIABLE = YES;
				IPHONEOS_DEPLOYMENT_TARGET = 26.1;
				LOCALIZATION_PREFERS_STRING_CATALOGS = YES;
				MTL_ENABLE_DEBUG_INFO = NO;
				MTL_FAST_MATH = YES;
				SDKROOT = iphoneos;
				STRING_CATALOG_GENERATE_SYMBOLS = YES;
				SWIFT_COMPILATION_MODE = wholemodule;
				VALIDATE_PRODUCT = YES;
			};
			name = Release;
		};
		DC9E79862EDB81DF00C57FEE /* Debug */ = {
			isa = XCBuildConfiguration;
			buildSettings = {
				ASSETCATALOG_COMPILER_APPICON_NAME = AppIcon;
				ASSETCATALOG_COMPILER_GLOBAL_ACCENT_COLOR_NAME = AccentColor;
				CODE_SIGN_ENTITLEMENTS = "Pump Fitness/Pump Fitness.entitlements";
				CODE_SIGN_IDENTITY = "Apple Development";
				CODE_SIGN_STYLE = Automatic;
				CURRENT_PROJECT_VERSION = 2;
				DEVELOPMENT_TEAM = 3LGLXWA468;
				ENABLE_PREVIEWS = YES;
				GENERATE_INFOPLIST_FILE = YES;
				INFOPLIST_FILE = "Pump-Fitness-Info.plist";
				INFOPLIST_KEY_CFBundleDisplayName = Trackerio;
				INFOPLIST_KEY_ITSAppUsesNonExemptEncryption = NO;
				INFOPLIST_KEY_LSApplicationCategoryType = "public.app-category.healthcare-fitness";
				INFOPLIST_KEY_NSCameraUsageDescription = "Camera access is used to scan food barcodes.";
				INFOPLIST_KEY_NSHealthShareUsageDescription = "Trackerio uses Health data to track your steps and distance for activity analytics and progress insights.";
				INFOPLIST_KEY_NSHealthUpdateUsageDescription = "Trackerio saves generated health-related data into Health for use by other applications. ";
				INFOPLIST_KEY_NSLocationAlwaysAndWhenInUseUsageDescription = "We need your location to show local weather conditions and show your location in the itinerary tab.";
				INFOPLIST_KEY_NSLocationWhenInUseUsageDescription = "We need your location to show local weather conditions and show your location in the itinerary tab.";
				INFOPLIST_KEY_NSPhotoLibraryAddUsageDescription = "Allow saving your progress images to Photos.";
				INFOPLIST_KEY_NSPhotoLibraryUsageDescription = "We use your photo library to intelligently match photos to your trip points.";
				INFOPLIST_KEY_UIApplicationSceneManifest_Generation = YES;
				INFOPLIST_KEY_UIApplicationSupportsIndirectInputEvents = YES;
				INFOPLIST_KEY_UILaunchScreen_Generation = YES;
				INFOPLIST_KEY_UISupportedInterfaceOrientations = UIInterfaceOrientationPortrait;
				INFOPLIST_KEY_UISupportedInterfaceOrientations_iPad = "UIInterfaceOrientationLandscapeLeft UIInterfaceOrientationLandscapeRight UIInterfaceOrientationPortrait UIInterfaceOrientationPortraitUpsideDown";
				INFOPLIST_KEY_USDA_API_KEY = bPr4F8qkrxNaEFW1v3GHJZUdtSPqLS9UALRwFdDD;
				IPHONEOS_DEPLOYMENT_TARGET = 26.1;
				LD_RUNPATH_SEARCH_PATHS = (
					"$(inherited)",
					"@executable_path/Frameworks",
				);
				MARKETING_VERSION = 1.2.1;
				PRODUCT_BUNDLE_IDENTIFIER = dev.kylegraham.trackerio;
				PRODUCT_NAME = "$(TARGET_NAME)";
				PROVISIONING_PROFILE_SPECIFIER = "";
				STRING_CATALOG_GENERATE_SYMBOLS = YES;
				SUPPORTED_PLATFORMS = "iphoneos iphonesimulator";
				SUPPORTS_MACCATALYST = NO;
				SUPPORTS_MAC_DESIGNED_FOR_IPHONE_IPAD = NO;
				SUPPORTS_XR_DESIGNED_FOR_IPHONE_IPAD = NO;
				SWIFT_APPROACHABLE_CONCURRENCY = YES;
				SWIFT_DEFAULT_ACTOR_ISOLATION = MainActor;
				SWIFT_EMIT_LOC_STRINGS = YES;
				SWIFT_UPCOMING_FEATURE_MEMBER_IMPORT_VISIBILITY = YES;
				SWIFT_VERSION = 5.0;
				TARGETED_DEVICE_FAMILY = 1;
			};
			name = Debug;
		};
		DC9E79872EDB81DF00C57FEE /* Release */ = {
			isa = XCBuildConfiguration;
			buildSettings = {
				ASSETCATALOG_COMPILER_APPICON_NAME = AppIcon;
				ASSETCATALOG_COMPILER_GLOBAL_ACCENT_COLOR_NAME = AccentColor;
				CODE_SIGN_ENTITLEMENTS = "Pump Fitness/Pump Fitness.entitlements";
				CODE_SIGN_IDENTITY = "Apple Development";
				CODE_SIGN_STYLE = Automatic;
				CURRENT_PROJECT_VERSION = 2;
				DEVELOPMENT_TEAM = 3LGLXWA468;
				ENABLE_PREVIEWS = YES;
				GENERATE_INFOPLIST_FILE = YES;
				INFOPLIST_FILE = "Pump-Fitness-Info.plist";
				INFOPLIST_KEY_CFBundleDisplayName = Trackerio;
				INFOPLIST_KEY_ITSAppUsesNonExemptEncryption = NO;
				INFOPLIST_KEY_LSApplicationCategoryType = "public.app-category.healthcare-fitness";
				INFOPLIST_KEY_NSCameraUsageDescription = "Camera access is used to scan food barcodes.";
				INFOPLIST_KEY_NSHealthShareUsageDescription = "Trackerio uses Health data to track your steps and distance for activity analytics and progress insights.";
				INFOPLIST_KEY_NSHealthUpdateUsageDescription = "Trackerio saves generated health-related data into Health for use by other applications. ";
				INFOPLIST_KEY_NSLocationAlwaysAndWhenInUseUsageDescription = "We need your location to show local weather conditions and show your location in the itinerary tab.";
				INFOPLIST_KEY_NSLocationWhenInUseUsageDescription = "We need your location to show local weather conditions and show your location in the itinerary tab.";
				INFOPLIST_KEY_NSPhotoLibraryAddUsageDescription = "Allow saving your progress images to Photos.";
				INFOPLIST_KEY_NSPhotoLibraryUsageDescription = "We use your photo library to intelligently match photos to your trip points.";
				INFOPLIST_KEY_UIApplicationSceneManifest_Generation = YES;
				INFOPLIST_KEY_UIApplicationSupportsIndirectInputEvents = YES;
				INFOPLIST_KEY_UILaunchScreen_Generation = YES;
				INFOPLIST_KEY_UISupportedInterfaceOrientations = UIInterfaceOrientationPortrait;
				INFOPLIST_KEY_UISupportedInterfaceOrientations_iPad = "UIInterfaceOrientationLandscapeLeft UIInterfaceOrientationLandscapeRight UIInterfaceOrientationPortrait UIInterfaceOrientationPortraitUpsideDown";
				INFOPLIST_KEY_USDA_API_KEY = bPr4F8qkrxNaEFW1v3GHJZUdtSPqLS9UALRwFdDD;
				IPHONEOS_DEPLOYMENT_TARGET = 26.1;
				LD_RUNPATH_SEARCH_PATHS = (
					"$(inherited)",
					"@executable_path/Frameworks",
				);
				MARKETING_VERSION = 1.2.1;
				PRODUCT_BUNDLE_IDENTIFIER = dev.kylegraham.trackerio;
				PRODUCT_NAME = "$(TARGET_NAME)";
				PROVISIONING_PROFILE_SPECIFIER = "";
				STRING_CATALOG_GENERATE_SYMBOLS = YES;
				SUPPORTED_PLATFORMS = "iphoneos iphonesimulator";
				SUPPORTS_MACCATALYST = NO;
				SUPPORTS_MAC_DESIGNED_FOR_IPHONE_IPAD = NO;
				SUPPORTS_XR_DESIGNED_FOR_IPHONE_IPAD = NO;
				SWIFT_APPROACHABLE_CONCURRENCY = YES;
				SWIFT_DEFAULT_ACTOR_ISOLATION = MainActor;
				SWIFT_EMIT_LOC_STRINGS = YES;
				SWIFT_UPCOMING_FEATURE_MEMBER_IMPORT_VISIBILITY = YES;
				SWIFT_VERSION = 5.0;
				TARGETED_DEVICE_FAMILY = 1;
			};
			name = Release;
		};
/* End XCBuildConfiguration section */

/* Begin XCConfigurationList section */
		DC2D65942F23A91700804C29 /* Build configuration list for PBXNativeTarget "BackgroundUploadExtension" */ = {
			isa = XCConfigurationList;
			buildConfigurations = (
				DC2D65912F23A91700804C29 /* Debug */,
				DC2D65922F23A91700804C29 /* Release */,
			);
			defaultConfigurationIsVisible = 0;
			defaultConfigurationName = Release;
		};
		DC9E79752EDB81DD00C57FEE /* Build configuration list for PBXProject "Pump Fitness" */ = {
			isa = XCConfigurationList;
			buildConfigurations = (
				DC9E79832EDB81DF00C57FEE /* Debug */,
				DC9E79842EDB81DF00C57FEE /* Release */,
			);
			defaultConfigurationIsVisible = 0;
			defaultConfigurationName = Release;
		};
		DC9E79852EDB81DF00C57FEE /* Build configuration list for PBXNativeTarget "Trackerio" */ = {
			isa = XCConfigurationList;
			buildConfigurations = (
				DC9E79862EDB81DF00C57FEE /* Debug */,
				DC9E79872EDB81DF00C57FEE /* Release */,
			);
			defaultConfigurationIsVisible = 0;
			defaultConfigurationName = Release;
		};
/* End XCConfigurationList section */

/* Begin XCRemoteSwiftPackageReference section */
		DCB003E12EE80CAC003D6BF9 /* XCRemoteSwiftPackageReference "firebase-ios-sdk" */ = {
			isa = XCRemoteSwiftPackageReference;
			repositoryURL = "https://github.com/firebase/firebase-ios-sdk.git";
			requirement = {
				kind = upToNextMajorVersion;
				minimumVersion = 12.6.0;
			};
		};
		DCB003F02EE813B0003D6BF9 /* XCRemoteSwiftPackageReference "GoogleSignIn-iOS" */ = {
			isa = XCRemoteSwiftPackageReference;
			repositoryURL = "https://github.com/google/GoogleSignIn-iOS";
			requirement = {
				kind = upToNextMajorVersion;
				minimumVersion = 9.0.0;
			};
		};
/* End XCRemoteSwiftPackageReference section */

/* Begin XCSwiftPackageProductDependency section */
		DCB003E22EE80CAC003D6BF9 /* FirebaseAuth */ = {
			isa = XCSwiftPackageProductDependency;
			package = DCB003E12EE80CAC003D6BF9 /* XCRemoteSwiftPackageReference "firebase-ios-sdk" */;
			productName = FirebaseAuth;
		};
		DCB003E42EE80CAC003D6BF9 /* FirebaseFirestore */ = {
			isa = XCSwiftPackageProductDependency;
			package = DCB003E12EE80CAC003D6BF9 /* XCRemoteSwiftPackageReference "firebase-ios-sdk" */;
			productName = FirebaseFirestore;
		};
		DCB003E62EE80CAC003D6BF9 /* FirebaseStorage */ = {
			isa = XCSwiftPackageProductDependency;
			package = DCB003E12EE80CAC003D6BF9 /* XCRemoteSwiftPackageReference "firebase-ios-sdk" */;
			productName = FirebaseStorage;
		};
		DCB003F12EE813B0003D6BF9 /* GoogleSignIn */ = {
			isa = XCSwiftPackageProductDependency;
			package = DCB003F02EE813B0003D6BF9 /* XCRemoteSwiftPackageReference "GoogleSignIn-iOS" */;
			productName = GoogleSignIn;
		};
		DCB003F32EE813B0003D6BF9 /* GoogleSignInSwift */ = {
			isa = XCSwiftPackageProductDependency;
			package = DCB003F02EE813B0003D6BF9 /* XCRemoteSwiftPackageReference "GoogleSignIn-iOS" */;
			productName = GoogleSignInSwift;
		};
		DD0000010000000000000001 /* FirebaseAuth */ = {
			isa = XCSwiftPackageProductDependency;
			package = DCB003E12EE80CAC003D6BF9 /* XCRemoteSwiftPackageReference "firebase-ios-sdk" */;
			productName = FirebaseAuth;
		};
		DD0000020000000000000002 /* FirebaseFirestore */ = {
			isa = XCSwiftPackageProductDependency;
			package = DCB003E12EE80CAC003D6BF9 /* XCRemoteSwiftPackageReference "firebase-ios-sdk" */;
			productName = FirebaseFirestore;
		};
		DD0000030000000000000003 /* FirebaseStorage */ = {
			isa = XCSwiftPackageProductDependency;
			package = DCB003E12EE80CAC003D6BF9 /* XCRemoteSwiftPackageReference "firebase-ios-sdk" */;
			productName = FirebaseStorage;
		};
/* End XCSwiftPackageProductDependency section */
	};
	rootObject = DC9E79722EDB81DD00C57FEE /* Project object */;
}
